<?xml version="1.0" encoding="utf-8"?>
<Project ToolsVersion="4.0" xmlns="http://schemas.microsoft.com/developer/msbuild/2003">
  <ItemGroup>
    <Filter Include="source">
      <UniqueIdentifier>{673beab9-5e41-43b0-91d8-3bfd2b00bcc4}</UniqueIdentifier>
      <Extensions>cpp;c;cxx;def;odl;idl;hpj;bat;asm</Extensions>
    </Filter>
    <Filter Include="include">
      <UniqueIdentifier>{7dbd84a9-df4b-45c0-a12a-ca21bb793e39}</UniqueIdentifier>
      <Extensions>h;hpp;hxx;hm;inl;inc</Extensions>
    </Filter>
    <Filter Include="resource">
      <UniqueIdentifier>{9f2a1533-0fd6-4718-ad3a-832d727ef6b5}</UniqueIdentifier>
      <Extensions>rc;ico;cur;bmp;dlg;rc2;rct;bin;rgs;jpg;jpeg;jpe;png;manifest</Extensions>
    </Filter>
    <Filter Include="include\core">
      <UniqueIdentifier>{76b4ec8d-f2ce-4322-9b5b-f49a7479b288}</UniqueIdentifier>
    </Filter>
  </ItemGroup>
  <ItemGroup>
    <None Include="res\TowerDefense.ico">
      <Filter>resource</Filter>
    </None>
    <None Include="..\Resources\CloseSelected.png">
      <Filter>resource</Filter>
    </None>
    <None Include="..\Resources\CloseNormal.png">
      <Filter>resource</Filter>
    </None>
    <None Include="..\Resources\HelloWorld.png">
      <Filter>resource</Filter>
    </None>
  </ItemGroup>
  <ItemGroup>
    <ResourceCompile Include="TowerDefense.rc">
      <Filter>resource</Filter>
    </ResourceCompile>
  </ItemGroup>
  <ItemGroup>
    <ClInclude Include="resource.h">
      <Filter>include</Filter>
    </ClInclude>
    <ClInclude Include="main.h">
      <Filter>include</Filter>
    </ClInclude>
    <ClInclude Include="..\Classes\AppDelegate.h">
      <Filter>include</Filter>
    </ClInclude>
    <ClInclude Include="..\Classes\beginscene.h">
      <Filter>include</Filter>
    </ClInclude>
    <ClInclude Include="..\Classes\FinishSes.h">
      <Filter>include</Filter>
    </ClInclude>
    <ClInclude Include="..\Classes\templclassdef.h">
      <Filter>include\core</Filter>
    </ClInclude>
    <ClInclude Include="..\Classes\system.h">
      <Filter>include\core</Filter>
    </ClInclude>
    <ClInclude Include="..\Classes\tower.h">
      <Filter>include\core</Filter>
    </ClInclude>
    <ClInclude Include="..\Classes\actionmgr.h">
      <Filter>include\core</Filter>
    </ClInclude>
    <ClInclude Include="..\Classes\ai.h">
      <Filter>include\core</Filter>
    </ClInclude>
    <ClInclude Include="..\Classes\aimgr.h">
      <Filter>include\core</Filter>
    </ClInclude>
    <ClInclude Include="..\Classes\constdef.h">
      <Filter>include\core</Filter>
    </ClInclude>
    <ClInclude Include="..\Classes\god.h">
      <Filter>include\core</Filter>
    </ClInclude>
    <ClInclude Include="..\Classes\interfacedef.h">
      <Filter>include\core</Filter>
    </ClInclude>
    <ClInclude Include="..\Classes\map.h">
      <Filter>include\core</Filter>
    </ClInclude>
    <ClInclude Include="..\Classes\HelloWorldScene.h">
      <Filter>include</Filter>
    </ClInclude>
  </ItemGroup>
  <ItemGroup>
    <ClCompile Include="..\Classes\actionmgr.cpp">
      <Filter>include\core</Filter>
    </ClCompile>
    <ClCompile Include="..\Classes\tower.cpp">
      <Filter>include\core</Filter>
    </ClCompile>
    <ClCompile Include="..\Classes\ai.cpp">
      <Filter>include\core</Filter>
    </ClCompile>
    <ClCompile Include="..\Classes\aimgr.cpp">
      <Filter>include\core</Filter>
    </ClCompile>
    <ClCompile Include="..\Classes\god.cpp">
      <Filter>include\core</Filter>
    </ClCompile>
    <ClCompile Include="..\Classes\map.cpp">
      <Filter>include\core</Filter>
    </ClCompile>
    <ClCompile Include="..\Classes\system.cpp">
      <Filter>include\core</Filter>
    </ClCompile>
    <ClCompile Include="..\Classes\templclassdef.cpp">
      <Filter>include\core</Filter>
    </ClCompile>
    <ClCompile Include="..\Classes\AppDelegate.cpp">
      <Filter>source</Filter>
    </ClCompile>
    <ClCompile Include="..\Classes\beginscene.cpp">
      <Filter>source</Filter>
    </ClCompile>
    <ClCompile Include="..\Classes\FinishSes.cpp">
      <Filter>source</Filter>
    </ClCompile>
    <ClCompile Include="main.cpp">
      <Filter>source</Filter>
    </ClCompile>
    <ClCompile Include="..\Classes\HelloWorldScene.cpp">
      <Filter>include</Filter>
    </ClCompile>
  </ItemGroup>
</Project>